// !$*UTF8*$!
{
	archiveVersion = 1;
	classes = {
	};
	objectVersion = 46;
	objects = {
/* Begin PBXBuildFile section */
		0207DA581B56EA530066E2B4 /* Images.xcassets in Resources */ = {isa = PBXBuildFile; fileRef = 0207DA571B56EA530066E2B4 /* Images.xcassets */; };
		1D3623260D0F684500981E51 /* AppDelegate.m in Sources */ = {isa = PBXBuildFile; fileRef = 1D3623250D0F684500981E51 /* AppDelegate.m */; };
		1D60589B0D05DD56006BFB54 /* main.m in Sources */ = {isa = PBXBuildFile; fileRef = 29B97316FDCFA39411CA2CEA /* main.m */; };
		301BF552109A68D80062928A /* libCordova.a in Frameworks */ = {isa = PBXBuildFile; fileRef = 301BF535109A57CC0062928A /* libCordova.a */; settings = {ATTRIBUTES = (Required, ); }; };
		302D95F114D2391D003F00A1 /* MainViewController.m in Sources */ = {isa = PBXBuildFile; fileRef = 302D95EF14D2391D003F00A1 /* MainViewController.m */; };
		302D95F214D2391D003F00A1 /* MainViewController.xib in Resources */ = {isa = PBXBuildFile; fileRef = 302D95F014D2391D003F00A1 /* MainViewController.xib */; };
		6AFF5BF91D6E424B00AB3073 /* CDVLaunchScreen.storyboard in Resources */ = {isa = PBXBuildFile; fileRef = 6AFF5BF81D6E424B00AB3073 /* CDVLaunchScreen.storyboard */; };
		7D9993AF32E64844A7876388 /* CDVFile.m in Sources */ = {isa = PBXBuildFile; fileRef = 2786E6A409FD4C74A4EAB122 /* CDVFile.m */; };
		C2B85E5E2F4F4124A19670E5 /* CDVLocalFilesystem.m in Sources */ = {isa = PBXBuildFile; fileRef = 6894EA5625694512A39DFC38 /* CDVLocalFilesystem.m */; };
		84BA4C0640CA483081A2A5A9 /* CDVAssetLibraryFilesystem.m in Sources */ = {isa = PBXBuildFile; fileRef = 7DC6FE0500514EA4BA847E8B /* CDVAssetLibraryFilesystem.m */; };
		E8D8D7C0FF404A9FA5BD9882 /* CordovaHttpPlugin.m in Sources */ = {isa = PBXBuildFile; fileRef = EDD869E459EA45EF937365E8 /* CordovaHttpPlugin.m */; };
		AFF56FD27EB74BFEB0A9F283 /* BinaryResponseSerializer.m in Sources */ = {isa = PBXBuildFile; fileRef = 7711E186E53041E296525261 /* BinaryResponseSerializer.m */; };
		205D2FE394E64BA081FCEB58 /* TextResponseSerializer.m in Sources */ = {isa = PBXBuildFile; fileRef = 2A5424887C924ADE9293A9FF /* TextResponseSerializer.m */; };
		DAD4A191D1A646A0BCB26113 /* TextRequestSerializer.m in Sources */ = {isa = PBXBuildFile; fileRef = 803BD04AA1E54836AEDD3A1C /* TextRequestSerializer.m */; };
		7FC839F6F4694FA68B3D98D6 /* AFHTTPSessionManager.m in Sources */ = {isa = PBXBuildFile; fileRef = 0D73B66F557440CC9E9E4EBB /* AFHTTPSessionManager.m */; };
		5B02B2C4BC174927B132DB2C /* AFNetworkReachabilityManager.m in Sources */ = {isa = PBXBuildFile; fileRef = ECFC8866AAAD4311AB4E9EBE /* AFNetworkReachabilityManager.m */; };
		F5B4FD417A5749B7B2ECFF70 /* AFSecurityPolicy.m in Sources */ = {isa = PBXBuildFile; fileRef = 6BEB5E8E0ECB4348A2FD11BD /* AFSecurityPolicy.m */; };
		42750C857A024DE78E52A0B4 /* AFURLRequestSerialization.m in Sources */ = {isa = PBXBuildFile; fileRef = EF7F578A876D468589446A0F /* AFURLRequestSerialization.m */; };
		D7A10D8A9087473DB8162FAA /* AFURLResponseSerialization.m in Sources */ = {isa = PBXBuildFile; fileRef = 40F257D4E91A48CAB4959BBE /* AFURLResponseSerialization.m */; };
		98FD35266DE74337A049023E /* AFURLSessionManager.m in Sources */ = {isa = PBXBuildFile; fileRef = DE56C08293794A43BF66D944 /* AFURLSessionManager.m */; };
		E6806E4BEE514CDB8DDE6B70 /* SDNetworkActivityIndicator.m in Sources */ = {isa = PBXBuildFile; fileRef = 8CAE079D38CA42C8B2C866C8 /* SDNetworkActivityIndicator.m */; };
		D2D3D1B24AB74B8AB7D27494 /* Security.framework in Frameworks */ = {isa = PBXBuildFile; fileRef = F5C4C94271D0475482C10C9D /* Security.framework */; };
		0929659C2A6A4B0688EBE166 /* SystemConfiguration.framework in Frameworks */ = {isa = PBXBuildFile; fileRef = 204E905417264BAF98AA447B /* SystemConfiguration.framework */; };
		799B1B198D394C979CDAD4FF /* CDVDevice.m in Sources */ = {isa = PBXBuildFile; fileRef = ACB92368F3954FBCA3C93A1C /* CDVDevice.m */; };
		8C0BDA26307741A6A427288B /* CDVInAppBrowser.m in Sources */ = {isa = PBXBuildFile; fileRef = 5EF438EB85364C0386295082 /* CDVInAppBrowser.m */; };
		A0CB7F392FF444E89B0AFCFC /* CDVInAppBrowserOptions.m in Sources */ = {isa = PBXBuildFile; fileRef = 12CF5981FF8A4D8DB0E2D5E9 /* CDVInAppBrowserOptions.m */; };
		7A98445589924236B9DA8DB3 /* CDVInAppBrowserNavigationController.m in Sources */ = {isa = PBXBuildFile; fileRef = 17ECDB44A0994D8AAFA08573 /* CDVInAppBrowserNavigationController.m */; };
		CC6DD8DCDC034FE39A569B29 /* CDVUIInAppBrowser.m in Sources */ = {isa = PBXBuildFile; fileRef = 493353EBEDF343588CA552FA /* CDVUIInAppBrowser.m */; };
		A9AB4B1A62E241039CA964BC /* CDVWKInAppBrowser.m in Sources */ = {isa = PBXBuildFile; fileRef = 9532DC9588054260BD1FFF04 /* CDVWKInAppBrowser.m */; };
		5912B1108E294E7EB83AD286 /* CDVWKInAppBrowserUIDelegate.m in Sources */ = {isa = PBXBuildFile; fileRef = 8F3A021F210649DC845D8BEB /* CDVWKInAppBrowserUIDelegate.m */; };
		413A3F5A530448D5A928A589 /* CDVIonicKeyboard.m in Sources */ = {isa = PBXBuildFile; fileRef = 49716BBCEF2F4D339C66CEF0 /* CDVIonicKeyboard.m */; };
		3878E3D09F444EFDBB31124A /* CDVWKWebViewEngine.m in Sources */ = {isa = PBXBuildFile; fileRef = 229FF081D84B4B6FA8E0AAD1 /* CDVWKWebViewEngine.m */; };
		81820E3602F84B4FBD172185 /* CDVWKWebViewUIDelegate.m in Sources */ = {isa = PBXBuildFile; fileRef = FF2BB13208AE4008A760BD51 /* CDVWKWebViewUIDelegate.m */; };
		251BCA9847B2494E9ACEB815 /* CDVWKProcessPoolFactory.m in Sources */ = {isa = PBXBuildFile; fileRef = 0BABA6BF34114BA1A3BF5B0F /* CDVWKProcessPoolFactory.m */; };
		7A2EA04B6EA946F8AFCF4B1C /* IONAssetHandler.m in Sources */ = {isa = PBXBuildFile; fileRef = E79CF34756314004BE0BDED6 /* IONAssetHandler.m */; };
		A509F44042BE434F8EAD5ECB /* WebKit.framework in Frameworks */ = {isa = PBXBuildFile; fileRef = 7CA4B4E9D4014501A4CE2E4C /* WebKit.framework */; settings = {ATTRIBUTES = (Weak, ); }; };
		B41213BC8096412DB93363D4 /* SafariViewController.m in Sources */ = {isa = PBXBuildFile; fileRef = E7F349C33D0E4ECD9DBA1B3B /* SafariViewController.m */; };
		C31965937ED34F43967B051F /* SafariServices.framework in Frameworks */ = {isa = PBXBuildFile; fileRef = A40D04849B1748469EC127AA /* SafariServices.framework */; settings = {ATTRIBUTES = (Weak, ); }; };
		15AA92D38FD943D4860615F5 /* SecureStorage.m in Sources */ = {isa = PBXBuildFile; fileRef = 2BF8E0CB0C0344AE9268CB1C /* SecureStorage.m */; };
		2584180CDB9342B3ABAD8EB4 /* SAMKeychain.m in Sources */ = {isa = PBXBuildFile; fileRef = 0D4EEF8FF9414391BFFAB39C /* SAMKeychain.m */; };
		68D662A43DD841C1869EF6A9 /* SAMKeychainQuery.m in Sources */ = {isa = PBXBuildFile; fileRef = 65C7972D91994DC4AC72584C /* SAMKeychainQuery.m */; };
		DBBA7DDEC0D143609DD995B4 /* SAMKeychain.bundle in Resources */ = {isa = PBXBuildFile; fileRef = D56E5E88B8DE4909A6CBCEDB /* SAMKeychain.bundle */; };
		978E46E252264962876A4818 /* CDVSplashScreen.m in Sources */ = {isa = PBXBuildFile; fileRef = E3D63A0F557C48228B63AC25 /* CDVSplashScreen.m */; };
		F4FA41173F7E4107AB97ED53 /* CDVViewController+SplashScreen.m in Sources */ = {isa = PBXBuildFile; fileRef = 0F75B77E41794941AD7D4F3D /* CDVViewController+SplashScreen.m */; };
		E6142F330F3D44688C253BB2 /* CDVStatusBar.m in Sources */ = {isa = PBXBuildFile; fileRef = 7A044AE808264BCAB5E47F32 /* CDVStatusBar.m */; };
		B7FE680311844EC9B595874A /* UIImage+CropScaleOrientation.m in Sources */ = {isa = PBXBuildFile; fileRef = A99D361C45D949568B418398 /* UIImage+CropScaleOrientation.m */; };
		9AB627EDDAEA442699D8EBC8 /* CDVCamera.m in Sources */ = {isa = PBXBuildFile; fileRef = A02DC91EAC2A4E90A61A36FE /* CDVCamera.m */; };
		AC6ABDA9CD3D480D855D8221 /* CDVJpegHeaderWriter.m in Sources */ = {isa = PBXBuildFile; fileRef = 436B18F413DB4BF6AFBE90F5 /* CDVJpegHeaderWriter.m */; };
		B4E8EA98608F45A8BEC4275C /* ImageIO.framework in Frameworks */ = {isa = PBXBuildFile; fileRef = F009DFD5CC1A4FF6BAE01519 /* ImageIO.framework */; settings = {ATTRIBUTES = (Weak, ); }; };
		D93FA22BAD0345B9BBD557B3 /* CoreLocation.framework in Frameworks */ = {isa = PBXBuildFile; fileRef = B5CD0381501C436DBD330FC1 /* CoreLocation.framework */; };
		CEE14C29500840F0800117AA /* AVFoundation.framework in Frameworks */ = {isa = PBXBuildFile; fileRef = 287D5FC6F61F4EF8917D680D /* AVFoundation.framework */; };
/* End PBXBuildFile section */

/* Begin PBXContainerItemProxy section */
		301BF534109A57CC0062928A /* PBXContainerItemProxy */ = {
			isa = PBXContainerItemProxy;
			containerPortal = 301BF52D109A57CC0062928A /* CordovaLib.xcodeproj */;
			proxyType = 2;
			remoteGlobalIDString = D2AAC07E0554694100DB518D;
			remoteInfo = CordovaLib;
		};
		301BF550109A68C00062928A /* PBXContainerItemProxy */ = {
			isa = PBXContainerItemProxy;
			containerPortal = 301BF52D109A57CC0062928A /* CordovaLib.xcodeproj */;
			proxyType = 1;
			remoteGlobalIDString = D2AAC07D0554694100DB518D;
			remoteInfo = CordovaLib;
		};
		907D8123214C687600058A10 /* PBXContainerItemProxy */ = {
			isa = PBXContainerItemProxy;
			containerPortal = 301BF52D109A57CC0062928A /* CordovaLib.xcodeproj */;
			proxyType = 2;
			remoteGlobalIDString = C0C01EB21E3911D50056E6CB;
			remoteInfo = Cordova;
		};
/* End PBXContainerItemProxy section */

/* Begin PBXFileReference section */
		0207DA571B56EA530066E2B4 /* Images.xcassets */ = {isa = PBXFileReference; lastKnownFileType = folder.assetcatalog; name = Images.xcassets; path = "MyApp/Images.xcassets"; sourceTree = SOURCE_ROOT; };
		1D3623240D0F684500981E51 /* AppDelegate.h */ = {isa = PBXFileReference; fileEncoding = 4; lastKnownFileType = sourcecode.c.h; path = AppDelegate.h; sourceTree = "<group>"; };
		1D3623250D0F684500981E51 /* AppDelegate.m */ = {isa = PBXFileReference; fileEncoding = 4; lastKnownFileType = sourcecode.c.objc; path = AppDelegate.m; sourceTree = "<group>"; };
		1D6058910D05DD3D006BFB54 /* MyApp.app */ = {isa = PBXFileReference; explicitFileType = wrapper.application; includeInIndex = 0; path = "MyApp.app"; sourceTree = BUILT_PRODUCTS_DIR; };
		29B97316FDCFA39411CA2CEA /* main.m */ = {isa = PBXFileReference; fileEncoding = 4; lastKnownFileType = sourcecode.c.objc; path = main.m; sourceTree = "<group>"; };
		301BF52D109A57CC0062928A /* CordovaLib.xcodeproj */ = {isa = PBXFileReference; lastKnownFileType = "wrapper.pb-project"; path = CordovaLib/CordovaLib.xcodeproj; sourceTree = "<group>"; };
		301BF56E109A69640062928A /* www */ = {isa = PBXFileReference; lastKnownFileType = folder; path = www; sourceTree = SOURCE_ROOT; };
		302D95EE14D2391D003F00A1 /* MainViewController.h */ = {isa = PBXFileReference; fileEncoding = 4; lastKnownFileType = sourcecode.c.h; path = MainViewController.h; sourceTree = "<group>"; };
		302D95EF14D2391D003F00A1 /* MainViewController.m */ = {isa = PBXFileReference; fileEncoding = 4; lastKnownFileType = sourcecode.c.objc; path = MainViewController.m; sourceTree = "<group>"; };
		302D95F014D2391D003F00A1 /* MainViewController.xib */ = {isa = PBXFileReference; fileEncoding = 4; lastKnownFileType = file.xib; path = MainViewController.xib; sourceTree = "<group>"; };
		3047A50F1AB8059700498E2A /* build-debug.xcconfig */ = {isa = PBXFileReference; fileEncoding = 4; lastKnownFileType = text.xcconfig; name = "build-debug.xcconfig"; path = "cordova/build-debug.xcconfig"; sourceTree = SOURCE_ROOT; };
		3047A5101AB8059700498E2A /* build-release.xcconfig */ = {isa = PBXFileReference; fileEncoding = 4; lastKnownFileType = text.xcconfig; name = "build-release.xcconfig"; path = "cordova/build-release.xcconfig"; sourceTree = SOURCE_ROOT; };
		3047A5111AB8059700498E2A /* build.xcconfig */ = {isa = PBXFileReference; fileEncoding = 4; lastKnownFileType = text.xcconfig; name = build.xcconfig; path = cordova/build.xcconfig; sourceTree = SOURCE_ROOT; };
		32CA4F630368D1EE00C91783 /* MyApp-Prefix.pch */ = {isa = PBXFileReference; fileEncoding = 4; lastKnownFileType = sourcecode.c.h; path = "MyApp-Prefix.pch"; sourceTree = "<group>"; };
		6AFF5BF81D6E424B00AB3073 /* CDVLaunchScreen.storyboard */ = {isa = PBXFileReference; fileEncoding = 4; lastKnownFileType = file.storyboard; name = CDVLaunchScreen.storyboard; path = "MyApp/CDVLaunchScreen.storyboard"; sourceTree = SOURCE_ROOT; };
		8D1107310486CEB800E47090 /* MyApp-Info.plist */ = {isa = PBXFileReference; fileEncoding = 4; lastKnownFileType = text.plist.xml; name = "MyApp-Info.plist"; path = "MyApp/MyApp-Info.plist"; plistStructureDefinitionIdentifier = "com.apple.xcode.plist.structure-definition.iphone.info-plist"; sourceTree = SOURCE_ROOT; };
		EB87FDF31871DA8E0020F90C /* www */ = {isa = PBXFileReference; lastKnownFileType = folder; name = www; path = ../../www; sourceTree = "<group>"; };
		EB87FDF41871DAF40020F90C /* config.xml */ = {isa = PBXFileReference; lastKnownFileType = text.xml; name = config.xml; path = ../../config.xml; sourceTree = "<group>"; };
		ED33DF2A687741AEAF9F8254 /* Bridging-Header.h */ = {isa = PBXFileReference; fileEncoding = 4; lastKnownFileType = sourcecode.c.h; name = "Bridging-Header.h"; path = "Bridging-Header.h"; sourceTree = "<group>"; };
		F840E1F0165FE0F500CFE078 /* config.xml */ = {isa = PBXFileReference; lastKnownFileType = text.xml; name = config.xml; path = "MyApp/config.xml"; sourceTree = "<group>"; };
		2786E6A409FD4C74A4EAB122 /* CDVFile.m */ = {isa = PBXFileReference; name = "CDVFile.m"; path = "cordova-plugin-file/CDVFile.m"; sourceTree = "<group>"; fileEncoding = 4; lastKnownFileType = sourcecode.c.objc; explicitFileType = undefined; includeInIndex = 0; };
		6894EA5625694512A39DFC38 /* CDVLocalFilesystem.m */ = {isa = PBXFileReference; name = "CDVLocalFilesystem.m"; path = "cordova-plugin-file/CDVLocalFilesystem.m"; sourceTree = "<group>"; fileEncoding = 4; lastKnownFileType = sourcecode.c.objc; explicitFileType = undefined; includeInIndex = 0; };
		7DC6FE0500514EA4BA847E8B /* CDVAssetLibraryFilesystem.m */ = {isa = PBXFileReference; name = "CDVAssetLibraryFilesystem.m"; path = "cordova-plugin-file/CDVAssetLibraryFilesystem.m"; sourceTree = "<group>"; fileEncoding = 4; lastKnownFileType = sourcecode.c.objc; explicitFileType = undefined; includeInIndex = 0; };
		4D70937514BD4EF6A18A0930 /* CDVFile.h */ = {isa = PBXFileReference; name = "CDVFile.h"; path = "cordova-plugin-file/CDVFile.h"; sourceTree = "<group>"; fileEncoding = 4; lastKnownFileType = sourcecode.c.h; explicitFileType = undefined; includeInIndex = 0; };
		9ADBD5E1490244E8AAFF4AD7 /* CDVLocalFilesystem.h */ = {isa = PBXFileReference; name = "CDVLocalFilesystem.h"; path = "cordova-plugin-file/CDVLocalFilesystem.h"; sourceTree = "<group>"; fileEncoding = 4; lastKnownFileType = sourcecode.c.h; explicitFileType = undefined; includeInIndex = 0; };
		2B306AD066D14AEAB1244642 /* CDVAssetLibraryFilesystem.h */ = {isa = PBXFileReference; name = "CDVAssetLibraryFilesystem.h"; path = "cordova-plugin-file/CDVAssetLibraryFilesystem.h"; sourceTree = "<group>"; fileEncoding = 4; lastKnownFileType = sourcecode.c.h; explicitFileType = undefined; includeInIndex = 0; };
		EDD869E459EA45EF937365E8 /* CordovaHttpPlugin.m */ = {isa = PBXFileReference; name = "CordovaHttpPlugin.m"; path = "cordova-plugin-advanced-http/CordovaHttpPlugin.m"; sourceTree = "<group>"; fileEncoding = 4; lastKnownFileType = sourcecode.c.objc; explicitFileType = undefined; includeInIndex = 0; };
		7711E186E53041E296525261 /* BinaryResponseSerializer.m */ = {isa = PBXFileReference; name = "BinaryResponseSerializer.m"; path = "cordova-plugin-advanced-http/BinaryResponseSerializer.m"; sourceTree = "<group>"; fileEncoding = 4; lastKnownFileType = sourcecode.c.objc; explicitFileType = undefined; includeInIndex = 0; };
		2A5424887C924ADE9293A9FF /* TextResponseSerializer.m */ = {isa = PBXFileReference; name = "TextResponseSerializer.m"; path = "cordova-plugin-advanced-http/TextResponseSerializer.m"; sourceTree = "<group>"; fileEncoding = 4; lastKnownFileType = sourcecode.c.objc; explicitFileType = undefined; includeInIndex = 0; };
		803BD04AA1E54836AEDD3A1C /* TextRequestSerializer.m */ = {isa = PBXFileReference; name = "TextRequestSerializer.m"; path = "cordova-plugin-advanced-http/TextRequestSerializer.m"; sourceTree = "<group>"; fileEncoding = 4; lastKnownFileType = sourcecode.c.objc; explicitFileType = undefined; includeInIndex = 0; };
		0D73B66F557440CC9E9E4EBB /* AFHTTPSessionManager.m */ = {isa = PBXFileReference; name = "AFHTTPSessionManager.m"; path = "cordova-plugin-advanced-http/AFHTTPSessionManager.m"; sourceTree = "<group>"; fileEncoding = 4; lastKnownFileType = sourcecode.c.objc; explicitFileType = undefined; includeInIndex = 0; };
		ECFC8866AAAD4311AB4E9EBE /* AFNetworkReachabilityManager.m */ = {isa = PBXFileReference; name = "AFNetworkReachabilityManager.m"; path = "cordova-plugin-advanced-http/AFNetworkReachabilityManager.m"; sourceTree = "<group>"; fileEncoding = 4; lastKnownFileType = sourcecode.c.objc; explicitFileType = undefined; includeInIndex = 0; };
		6BEB5E8E0ECB4348A2FD11BD /* AFSecurityPolicy.m */ = {isa = PBXFileReference; name = "AFSecurityPolicy.m"; path = "cordova-plugin-advanced-http/AFSecurityPolicy.m"; sourceTree = "<group>"; fileEncoding = 4; lastKnownFileType = sourcecode.c.objc; explicitFileType = undefined; includeInIndex = 0; };
		EF7F578A876D468589446A0F /* AFURLRequestSerialization.m */ = {isa = PBXFileReference; name = "AFURLRequestSerialization.m"; path = "cordova-plugin-advanced-http/AFURLRequestSerialization.m"; sourceTree = "<group>"; fileEncoding = 4; lastKnownFileType = sourcecode.c.objc; explicitFileType = undefined; includeInIndex = 0; };
		40F257D4E91A48CAB4959BBE /* AFURLResponseSerialization.m */ = {isa = PBXFileReference; name = "AFURLResponseSerialization.m"; path = "cordova-plugin-advanced-http/AFURLResponseSerialization.m"; sourceTree = "<group>"; fileEncoding = 4; lastKnownFileType = sourcecode.c.objc; explicitFileType = undefined; includeInIndex = 0; };
		DE56C08293794A43BF66D944 /* AFURLSessionManager.m */ = {isa = PBXFileReference; name = "AFURLSessionManager.m"; path = "cordova-plugin-advanced-http/AFURLSessionManager.m"; sourceTree = "<group>"; fileEncoding = 4; lastKnownFileType = sourcecode.c.objc; explicitFileType = undefined; includeInIndex = 0; };
		8CAE079D38CA42C8B2C866C8 /* SDNetworkActivityIndicator.m */ = {isa = PBXFileReference; name = "SDNetworkActivityIndicator.m"; path = "cordova-plugin-advanced-http/SDNetworkActivityIndicator.m"; sourceTree = "<group>"; fileEncoding = 4; lastKnownFileType = sourcecode.c.objc; explicitFileType = undefined; includeInIndex = 0; };
		D2E8A9C7CD694C41ADE3C66E /* CordovaHttpPlugin.h */ = {isa = PBXFileReference; name = "CordovaHttpPlugin.h"; path = "cordova-plugin-advanced-http/CordovaHttpPlugin.h"; sourceTree = "<group>"; fileEncoding = 4; lastKnownFileType = sourcecode.c.h; explicitFileType = undefined; includeInIndex = 0; };
		3AD9C9192A1C4242A2C3E32F /* BinaryResponseSerializer.h */ = {isa = PBXFileReference; name = "BinaryResponseSerializer.h"; path = "cordova-plugin-advanced-http/BinaryResponseSerializer.h"; sourceTree = "<group>"; fileEncoding = 4; lastKnownFileType = sourcecode.c.h; explicitFileType = undefined; includeInIndex = 0; };
		74DCBBB27ABC46F3A894C07D /* TextResponseSerializer.h */ = {isa = PBXFileReference; name = "TextResponseSerializer.h"; path = "cordova-plugin-advanced-http/TextResponseSerializer.h"; sourceTree = "<group>"; fileEncoding = 4; lastKnownFileType = sourcecode.c.h; explicitFileType = undefined; includeInIndex = 0; };
		85A3FF49E1CE48A886024C59 /* TextRequestSerializer.h */ = {isa = PBXFileReference; name = "TextRequestSerializer.h"; path = "cordova-plugin-advanced-http/TextRequestSerializer.h"; sourceTree = "<group>"; fileEncoding = 4; lastKnownFileType = sourcecode.c.h; explicitFileType = undefined; includeInIndex = 0; };
		8C7E8FAE29F445C696927F97 /* AFHTTPSessionManager.h */ = {isa = PBXFileReference; name = "AFHTTPSessionManager.h"; path = "cordova-plugin-advanced-http/AFHTTPSessionManager.h"; sourceTree = "<group>"; fileEncoding = 4; lastKnownFileType = sourcecode.c.h; explicitFileType = undefined; includeInIndex = 0; };
		417E7975BA50495CB2AB0A2F /* AFNetworking.h */ = {isa = PBXFileReference; name = "AFNetworking.h"; path = "cordova-plugin-advanced-http/AFNetworking.h"; sourceTree = "<group>"; fileEncoding = 4; lastKnownFileType = sourcecode.c.h; explicitFileType = undefined; includeInIndex = 0; };
		E59670692DD847CD8E3F2A70 /* AFNetworkReachabilityManager.h */ = {isa = PBXFileReference; name = "AFNetworkReachabilityManager.h"; path = "cordova-plugin-advanced-http/AFNetworkReachabilityManager.h"; sourceTree = "<group>"; fileEncoding = 4; lastKnownFileType = sourcecode.c.h; explicitFileType = undefined; includeInIndex = 0; };
		B619CA2B8E7B45699247447C /* AFSecurityPolicy.h */ = {isa = PBXFileReference; name = "AFSecurityPolicy.h"; path = "cordova-plugin-advanced-http/AFSecurityPolicy.h"; sourceTree = "<group>"; fileEncoding = 4; lastKnownFileType = sourcecode.c.h; explicitFileType = undefined; includeInIndex = 0; };
		A306A42FF4F049EFBFB07E3E /* AFURLRequestSerialization.h */ = {isa = PBXFileReference; name = "AFURLRequestSerialization.h"; path = "cordova-plugin-advanced-http/AFURLRequestSerialization.h"; sourceTree = "<group>"; fileEncoding = 4; lastKnownFileType = sourcecode.c.h; explicitFileType = undefined; includeInIndex = 0; };
		FC45A24941A24933A9A1C3E7 /* AFURLResponseSerialization.h */ = {isa = PBXFileReference; name = "AFURLResponseSerialization.h"; path = "cordova-plugin-advanced-http/AFURLResponseSerialization.h"; sourceTree = "<group>"; fileEncoding = 4; lastKnownFileType = sourcecode.c.h; explicitFileType = undefined; includeInIndex = 0; };
		F8F08B50695F4EDDACB06C1A /* AFURLSessionManager.h */ = {isa = PBXFileReference; name = "AFURLSessionManager.h"; path = "cordova-plugin-advanced-http/AFURLSessionManager.h"; sourceTree = "<group>"; fileEncoding = 4; lastKnownFileType = sourcecode.c.h; explicitFileType = undefined; includeInIndex = 0; };
		1D77B3BD62E94590B9AF446B /* SDNetworkActivityIndicator.h */ = {isa = PBXFileReference; name = "SDNetworkActivityIndicator.h"; path = "cordova-plugin-advanced-http/SDNetworkActivityIndicator.h"; sourceTree = "<group>"; fileEncoding = 4; lastKnownFileType = sourcecode.c.h; explicitFileType = undefined; includeInIndex = 0; };
		F5C4C94271D0475482C10C9D /* Security.framework */ = {isa = PBXFileReference; name = "Security.framework"; path = "System/Library/Frameworks/Security.framework"; sourceTree = SDKROOT; fileEncoding = undefined; lastKnownFileType = wrapper.framework; explicitFileType = undefined; includeInIndex = 0; };
		204E905417264BAF98AA447B /* SystemConfiguration.framework */ = {isa = PBXFileReference; name = "SystemConfiguration.framework"; path = "System/Library/Frameworks/SystemConfiguration.framework"; sourceTree = SDKROOT; fileEncoding = undefined; lastKnownFileType = wrapper.framework; explicitFileType = undefined; includeInIndex = 0; };
		ACB92368F3954FBCA3C93A1C /* CDVDevice.m */ = {isa = PBXFileReference; name = "CDVDevice.m"; path = "cordova-plugin-device/CDVDevice.m"; sourceTree = "<group>"; fileEncoding = 4; lastKnownFileType = sourcecode.c.objc; explicitFileType = undefined; includeInIndex = 0; };
		856705C25CC44A24B527AA83 /* CDVDevice.h */ = {isa = PBXFileReference; name = "CDVDevice.h"; path = "cordova-plugin-device/CDVDevice.h"; sourceTree = "<group>"; fileEncoding = 4; lastKnownFileType = sourcecode.c.h; explicitFileType = undefined; includeInIndex = 0; };
		5EF438EB85364C0386295082 /* CDVInAppBrowser.m */ = {isa = PBXFileReference; name = "CDVInAppBrowser.m"; path = "cordova-plugin-inappbrowser/CDVInAppBrowser.m"; sourceTree = "<group>"; fileEncoding = 4; lastKnownFileType = sourcecode.c.objc; explicitFileType = undefined; includeInIndex = 0; };
		12CF5981FF8A4D8DB0E2D5E9 /* CDVInAppBrowserOptions.m */ = {isa = PBXFileReference; name = "CDVInAppBrowserOptions.m"; path = "cordova-plugin-inappbrowser/CDVInAppBrowserOptions.m"; sourceTree = "<group>"; fileEncoding = 4; lastKnownFileType = sourcecode.c.objc; explicitFileType = undefined; includeInIndex = 0; };
		17ECDB44A0994D8AAFA08573 /* CDVInAppBrowserNavigationController.m */ = {isa = PBXFileReference; name = "CDVInAppBrowserNavigationController.m"; path = "cordova-plugin-inappbrowser/CDVInAppBrowserNavigationController.m"; sourceTree = "<group>"; fileEncoding = 4; lastKnownFileType = sourcecode.c.objc; explicitFileType = undefined; includeInIndex = 0; };
		493353EBEDF343588CA552FA /* CDVUIInAppBrowser.m */ = {isa = PBXFileReference; name = "CDVUIInAppBrowser.m"; path = "cordova-plugin-inappbrowser/CDVUIInAppBrowser.m"; sourceTree = "<group>"; fileEncoding = 4; lastKnownFileType = sourcecode.c.objc; explicitFileType = undefined; includeInIndex = 0; };
		9532DC9588054260BD1FFF04 /* CDVWKInAppBrowser.m */ = {isa = PBXFileReference; name = "CDVWKInAppBrowser.m"; path = "cordova-plugin-inappbrowser/CDVWKInAppBrowser.m"; sourceTree = "<group>"; fileEncoding = 4; lastKnownFileType = sourcecode.c.objc; explicitFileType = undefined; includeInIndex = 0; };
		8F3A021F210649DC845D8BEB /* CDVWKInAppBrowserUIDelegate.m */ = {isa = PBXFileReference; name = "CDVWKInAppBrowserUIDelegate.m"; path = "cordova-plugin-inappbrowser/CDVWKInAppBrowserUIDelegate.m"; sourceTree = "<group>"; fileEncoding = 4; lastKnownFileType = sourcecode.c.objc; explicitFileType = undefined; includeInIndex = 0; };
		71383A2DFE7D46E9B36657A3 /* CDVInAppBrowser.h */ = {isa = PBXFileReference; name = "CDVInAppBrowser.h"; path = "cordova-plugin-inappbrowser/CDVInAppBrowser.h"; sourceTree = "<group>"; fileEncoding = 4; lastKnownFileType = sourcecode.c.h; explicitFileType = undefined; includeInIndex = 0; };
		E7C76C655BBD4A54960E9A3B /* CDVInAppBrowserOptions.h */ = {isa = PBXFileReference; name = "CDVInAppBrowserOptions.h"; path = "cordova-plugin-inappbrowser/CDVInAppBrowserOptions.h"; sourceTree = "<group>"; fileEncoding = 4; lastKnownFileType = sourcecode.c.h; explicitFileType = undefined; includeInIndex = 0; };
		D4E827E5E3CF4104AE5B0189 /* CDVInAppBrowserNavigationController.h */ = {isa = PBXFileReference; name = "CDVInAppBrowserNavigationController.h"; path = "cordova-plugin-inappbrowser/CDVInAppBrowserNavigationController.h"; sourceTree = "<group>"; fileEncoding = 4; lastKnownFileType = sourcecode.c.h; explicitFileType = undefined; includeInIndex = 0; };
		9EB4A45417574FCDBD18CF26 /* CDVUIInAppBrowser.h */ = {isa = PBXFileReference; name = "CDVUIInAppBrowser.h"; path = "cordova-plugin-inappbrowser/CDVUIInAppBrowser.h"; sourceTree = "<group>"; fileEncoding = 4; lastKnownFileType = sourcecode.c.h; explicitFileType = undefined; includeInIndex = 0; };
		44DA1228267249AEAD7D1FB6 /* CDVWKInAppBrowser.h */ = {isa = PBXFileReference; name = "CDVWKInAppBrowser.h"; path = "cordova-plugin-inappbrowser/CDVWKInAppBrowser.h"; sourceTree = "<group>"; fileEncoding = 4; lastKnownFileType = sourcecode.c.h; explicitFileType = undefined; includeInIndex = 0; };
		C1BB8147A9B246C880059E1A /* CDVWKInAppBrowserUIDelegate.h */ = {isa = PBXFileReference; name = "CDVWKInAppBrowserUIDelegate.h"; path = "cordova-plugin-inappbrowser/CDVWKInAppBrowserUIDelegate.h"; sourceTree = "<group>"; fileEncoding = 4; lastKnownFileType = sourcecode.c.h; explicitFileType = undefined; includeInIndex = 0; };
		49716BBCEF2F4D339C66CEF0 /* CDVIonicKeyboard.m */ = {isa = PBXFileReference; name = "CDVIonicKeyboard.m"; path = "cordova-plugin-ionic-keyboard/CDVIonicKeyboard.m"; sourceTree = "<group>"; fileEncoding = 4; lastKnownFileType = sourcecode.c.objc; explicitFileType = undefined; includeInIndex = 0; };
		D6C874624419488CAA6C4ED1 /* CDVIonicKeyboard.h */ = {isa = PBXFileReference; name = "CDVIonicKeyboard.h"; path = "cordova-plugin-ionic-keyboard/CDVIonicKeyboard.h"; sourceTree = "<group>"; fileEncoding = 4; lastKnownFileType = sourcecode.c.h; explicitFileType = undefined; includeInIndex = 0; };
		229FF081D84B4B6FA8E0AAD1 /* CDVWKWebViewEngine.m */ = {isa = PBXFileReference; name = "CDVWKWebViewEngine.m"; path = "cordova-plugin-ionic-webview/CDVWKWebViewEngine.m"; sourceTree = "<group>"; fileEncoding = 4; lastKnownFileType = sourcecode.c.objc; explicitFileType = undefined; includeInIndex = 0; };
		FF2BB13208AE4008A760BD51 /* CDVWKWebViewUIDelegate.m */ = {isa = PBXFileReference; name = "CDVWKWebViewUIDelegate.m"; path = "cordova-plugin-ionic-webview/CDVWKWebViewUIDelegate.m"; sourceTree = "<group>"; fileEncoding = 4; lastKnownFileType = sourcecode.c.objc; explicitFileType = undefined; includeInIndex = 0; };
		0BABA6BF34114BA1A3BF5B0F /* CDVWKProcessPoolFactory.m */ = {isa = PBXFileReference; name = "CDVWKProcessPoolFactory.m"; path = "cordova-plugin-ionic-webview/CDVWKProcessPoolFactory.m"; sourceTree = "<group>"; fileEncoding = 4; lastKnownFileType = sourcecode.c.objc; explicitFileType = undefined; includeInIndex = 0; };
		E79CF34756314004BE0BDED6 /* IONAssetHandler.m */ = {isa = PBXFileReference; name = "IONAssetHandler.m"; path = "cordova-plugin-ionic-webview/IONAssetHandler.m"; sourceTree = "<group>"; fileEncoding = 4; lastKnownFileType = sourcecode.c.objc; explicitFileType = undefined; includeInIndex = 0; };
		07F905CB17024CC1AFA1B25E /* CDVWKWebViewEngine.h */ = {isa = PBXFileReference; name = "CDVWKWebViewEngine.h"; path = "cordova-plugin-ionic-webview/CDVWKWebViewEngine.h"; sourceTree = "<group>"; fileEncoding = 4; lastKnownFileType = sourcecode.c.h; explicitFileType = undefined; includeInIndex = 0; };
		44FD213FA9E049A5992F983B /* CDVWKWebViewUIDelegate.h */ = {isa = PBXFileReference; name = "CDVWKWebViewUIDelegate.h"; path = "cordova-plugin-ionic-webview/CDVWKWebViewUIDelegate.h"; sourceTree = "<group>"; fileEncoding = 4; lastKnownFileType = sourcecode.c.h; explicitFileType = undefined; includeInIndex = 0; };
		73C843B381F045208FE75184 /* CDVWKProcessPoolFactory.h */ = {isa = PBXFileReference; name = "CDVWKProcessPoolFactory.h"; path = "cordova-plugin-ionic-webview/CDVWKProcessPoolFactory.h"; sourceTree = "<group>"; fileEncoding = 4; lastKnownFileType = sourcecode.c.h; explicitFileType = undefined; includeInIndex = 0; };
		2CC57F78B3214D74AA93CF27 /* IONAssetHandler.h */ = {isa = PBXFileReference; name = "IONAssetHandler.h"; path = "cordova-plugin-ionic-webview/IONAssetHandler.h"; sourceTree = "<group>"; fileEncoding = 4; lastKnownFileType = sourcecode.c.h; explicitFileType = undefined; includeInIndex = 0; };
		7CA4B4E9D4014501A4CE2E4C /* WebKit.framework */ = {isa = PBXFileReference; name = "WebKit.framework"; path = "System/Library/Frameworks/WebKit.framework"; sourceTree = SDKROOT; fileEncoding = undefined; lastKnownFileType = wrapper.framework; explicitFileType = undefined; includeInIndex = 0; };
		E7F349C33D0E4ECD9DBA1B3B /* SafariViewController.m */ = {isa = PBXFileReference; name = "SafariViewController.m"; path = "cordova-plugin-safariviewcontroller/SafariViewController.m"; sourceTree = "<group>"; fileEncoding = 4; lastKnownFileType = sourcecode.c.objc; explicitFileType = undefined; includeInIndex = 0; };
		15F3B379E3B2405FBE1A3989 /* SafariViewController.h */ = {isa = PBXFileReference; name = "SafariViewController.h"; path = "cordova-plugin-safariviewcontroller/SafariViewController.h"; sourceTree = "<group>"; fileEncoding = 4; lastKnownFileType = sourcecode.c.h; explicitFileType = undefined; includeInIndex = 0; };
		A40D04849B1748469EC127AA /* SafariServices.framework */ = {isa = PBXFileReference; name = "SafariServices.framework"; path = "System/Library/Frameworks/SafariServices.framework"; sourceTree = SDKROOT; fileEncoding = undefined; lastKnownFileType = wrapper.framework; explicitFileType = undefined; includeInIndex = 0; };
		2BF8E0CB0C0344AE9268CB1C /* SecureStorage.m */ = {isa = PBXFileReference; name = "SecureStorage.m"; path = "cordova-plugin-secure-storage/SecureStorage.m"; sourceTree = "<group>"; fileEncoding = 4; lastKnownFileType = sourcecode.c.objc; explicitFileType = undefined; includeInIndex = 0; };
		0D4EEF8FF9414391BFFAB39C /* SAMKeychain.m */ = {isa = PBXFileReference; name = "SAMKeychain.m"; path = "cordova-plugin-secure-storage/SAMKeychain.m"; sourceTree = "<group>"; fileEncoding = 4; lastKnownFileType = sourcecode.c.objc; explicitFileType = undefined; includeInIndex = 0; };
		65C7972D91994DC4AC72584C /* SAMKeychainQuery.m */ = {isa = PBXFileReference; name = "SAMKeychainQuery.m"; path = "cordova-plugin-secure-storage/SAMKeychainQuery.m"; sourceTree = "<group>"; fileEncoding = 4; lastKnownFileType = sourcecode.c.objc; explicitFileType = undefined; includeInIndex = 0; };
		B56F306A7C0840828E90B23F /* SecureStorage.h */ = {isa = PBXFileReference; name = "SecureStorage.h"; path = "cordova-plugin-secure-storage/SecureStorage.h"; sourceTree = "<group>"; fileEncoding = 4; lastKnownFileType = sourcecode.c.h; explicitFileType = undefined; includeInIndex = 0; };
		BF571FEE561E4535AC184EE9 /* SAMKeychain.h */ = {isa = PBXFileReference; name = "SAMKeychain.h"; path = "cordova-plugin-secure-storage/SAMKeychain.h"; sourceTree = "<group>"; fileEncoding = 4; lastKnownFileType = sourcecode.c.h; explicitFileType = undefined; includeInIndex = 0; };
		7CD91AA5A3274DC9AC1696F9 /* SAMKeychainQuery.h */ = {isa = PBXFileReference; name = "SAMKeychainQuery.h"; path = "cordova-plugin-secure-storage/SAMKeychainQuery.h"; sourceTree = "<group>"; fileEncoding = 4; lastKnownFileType = sourcecode.c.h; explicitFileType = undefined; includeInIndex = 0; };
		D56E5E88B8DE4909A6CBCEDB /* SAMKeychain.bundle */ = {isa = PBXFileReference; name = "SAMKeychain.bundle"; path = "SAMKeychain.bundle"; sourceTree = "<group>"; fileEncoding = undefined; lastKnownFileType = wrapper.plug-in; explicitFileType = undefined; includeInIndex = 0; };
		E3D63A0F557C48228B63AC25 /* CDVSplashScreen.m */ = {isa = PBXFileReference; name = "CDVSplashScreen.m"; path = "cordova-plugin-splashscreen/CDVSplashScreen.m"; sourceTree = "<group>"; fileEncoding = 4; lastKnownFileType = sourcecode.c.objc; explicitFileType = undefined; includeInIndex = 0; };
		0F75B77E41794941AD7D4F3D /* CDVViewController+SplashScreen.m */ = {isa = PBXFileReference; name = "CDVViewController+SplashScreen.m"; path = "cordova-plugin-splashscreen/CDVViewController+SplashScreen.m"; sourceTree = "<group>"; fileEncoding = 4; lastKnownFileType = sourcecode.c.objc; explicitFileType = undefined; includeInIndex = 0; };
		1180B33925844CD0A6FB75AA /* CDVSplashScreen.h */ = {isa = PBXFileReference; name = "CDVSplashScreen.h"; path = "cordova-plugin-splashscreen/CDVSplashScreen.h"; sourceTree = "<group>"; fileEncoding = 4; lastKnownFileType = sourcecode.c.h; explicitFileType = undefined; includeInIndex = 0; };
		248AB640E8314AE0B4B06D5F /* CDVViewController+SplashScreen.h */ = {isa = PBXFileReference; name = "CDVViewController+SplashScreen.h"; path = "cordova-plugin-splashscreen/CDVViewController+SplashScreen.h"; sourceTree = "<group>"; fileEncoding = 4; lastKnownFileType = sourcecode.c.h; explicitFileType = undefined; includeInIndex = 0; };
		7A044AE808264BCAB5E47F32 /* CDVStatusBar.m */ = {isa = PBXFileReference; name = "CDVStatusBar.m"; path = "cordova-plugin-statusbar/CDVStatusBar.m"; sourceTree = "<group>"; fileEncoding = 4; lastKnownFileType = sourcecode.c.objc; explicitFileType = undefined; includeInIndex = 0; };
		5021E527DA224895818405C6 /* CDVStatusBar.h */ = {isa = PBXFileReference; name = "CDVStatusBar.h"; path = "cordova-plugin-statusbar/CDVStatusBar.h"; sourceTree = "<group>"; fileEncoding = 4; lastKnownFileType = sourcecode.c.h; explicitFileType = undefined; includeInIndex = 0; };
		A99D361C45D949568B418398 /* UIImage+CropScaleOrientation.m */ = {isa = PBXFileReference; name = "UIImage+CropScaleOrientation.m"; path = "cordova-plugin-camera/UIImage+CropScaleOrientation.m"; sourceTree = "<group>"; fileEncoding = 4; lastKnownFileType = sourcecode.c.objc; explicitFileType = undefined; includeInIndex = 0; };
		A02DC91EAC2A4E90A61A36FE /* CDVCamera.m */ = {isa = PBXFileReference; name = "CDVCamera.m"; path = "cordova-plugin-camera/CDVCamera.m"; sourceTree = "<group>"; fileEncoding = 4; lastKnownFileType = sourcecode.c.objc; explicitFileType = undefined; includeInIndex = 0; };
		436B18F413DB4BF6AFBE90F5 /* CDVJpegHeaderWriter.m */ = {isa = PBXFileReference; name = "CDVJpegHeaderWriter.m"; path = "cordova-plugin-camera/CDVJpegHeaderWriter.m"; sourceTree = "<group>"; fileEncoding = 4; lastKnownFileType = sourcecode.c.objc; explicitFileType = undefined; includeInIndex = 0; };
		1BFEF7B4FA694F379DF1683F /* UIImage+CropScaleOrientation.h */ = {isa = PBXFileReference; name = "UIImage+CropScaleOrientation.h"; path = "cordova-plugin-camera/UIImage+CropScaleOrientation.h"; sourceTree = "<group>"; fileEncoding = 4; lastKnownFileType = sourcecode.c.h; explicitFileType = undefined; includeInIndex = 0; };
		50876FABD1BC452F924E7F82 /* CDVCamera.h */ = {isa = PBXFileReference; name = "CDVCamera.h"; path = "cordova-plugin-camera/CDVCamera.h"; sourceTree = "<group>"; fileEncoding = 4; lastKnownFileType = sourcecode.c.h; explicitFileType = undefined; includeInIndex = 0; };
		1464F4E4665A4888BF267B28 /* CDVJpegHeaderWriter.h */ = {isa = PBXFileReference; name = "CDVJpegHeaderWriter.h"; path = "cordova-plugin-camera/CDVJpegHeaderWriter.h"; sourceTree = "<group>"; fileEncoding = 4; lastKnownFileType = sourcecode.c.h; explicitFileType = undefined; includeInIndex = 0; };
		266D3F98568B44458DC4F27E /* CDVExif.h */ = {isa = PBXFileReference; name = "CDVExif.h"; path = "cordova-plugin-camera/CDVExif.h"; sourceTree = "<group>"; fileEncoding = 4; lastKnownFileType = sourcecode.c.h; explicitFileType = undefined; includeInIndex = 0; };
		F009DFD5CC1A4FF6BAE01519 /* ImageIO.framework */ = {isa = PBXFileReference; name = "ImageIO.framework"; path = "System/Library/Frameworks/ImageIO.framework"; sourceTree = SDKROOT; fileEncoding = undefined; lastKnownFileType = wrapper.framework; explicitFileType = undefined; includeInIndex = 0; };
		B5CD0381501C436DBD330FC1 /* CoreLocation.framework */ = {isa = PBXFileReference; name = "CoreLocation.framework"; path = "System/Library/Frameworks/CoreLocation.framework"; sourceTree = SDKROOT; fileEncoding = undefined; lastKnownFileType = wrapper.framework; explicitFileType = undefined; includeInIndex = 0; };
		287D5FC6F61F4EF8917D680D /* AVFoundation.framework */ = {isa = PBXFileReference; name = "AVFoundation.framework"; path = "System/Library/Frameworks/AVFoundation.framework"; sourceTree = SDKROOT; fileEncoding = undefined; lastKnownFileType = wrapper.framework; explicitFileType = undefined; includeInIndex = 0; };
/* End PBXFileReference section */

/* Begin PBXFrameworksBuildPhase section */
		1D60588F0D05DD3D006BFB54 /* Frameworks */ = {
			isa = PBXFrameworksBuildPhase;
			buildActionMask = 2147483647;
			files = (
				301BF552109A68D80062928A /* libCordova.a in Frameworks */,
				D2D3D1B24AB74B8AB7D27494 /* Security.framework in Frameworks */,
				0929659C2A6A4B0688EBE166 /* SystemConfiguration.framework in Frameworks */,
				A509F44042BE434F8EAD5ECB /* WebKit.framework in Frameworks */,
				C31965937ED34F43967B051F /* SafariServices.framework in Frameworks */,
				B4E8EA98608F45A8BEC4275C /* ImageIO.framework in Frameworks */,
				D93FA22BAD0345B9BBD557B3 /* CoreLocation.framework in Frameworks */,
				CEE14C29500840F0800117AA /* AVFoundation.framework in Frameworks */,
			);
			runOnlyForDeploymentPostprocessing = 0;
		};
/* End PBXFrameworksBuildPhase section */

/* Begin PBXGroup section */
		080E96DDFE201D6D7F000001 /* Classes */ = {
			isa = PBXGroup;
			children = (
				302D95EE14D2391D003F00A1 /* MainViewController.h */,
				302D95EF14D2391D003F00A1 /* MainViewController.m */,
				302D95F014D2391D003F00A1 /* MainViewController.xib */,
				1D3623240D0F684500981E51 /* AppDelegate.h */,
				1D3623250D0F684500981E51 /* AppDelegate.m */,
			);
			name = Classes;
			path = "MyApp/Classes";
			sourceTree = SOURCE_ROOT;
		};
		19C28FACFE9D520D11CA2CBB /* Products */ = {
			isa = PBXGroup;
			children = (
				1D6058910D05DD3D006BFB54 /* MyApp.app */,
			);
			name = Products;
			sourceTree = "<group>";
		};
		29B97314FDCFA39411CA2CEA /* CustomTemplate */ = {
			isa = PBXGroup;
			children = (
				EB87FDF41871DAF40020F90C /* config.xml */,
				EB87FDF31871DA8E0020F90C /* www */,
				EB87FDF11871DA420020F90C /* Staging */,
				301BF52D109A57CC0062928A /* CordovaLib.xcodeproj */,
				080E96DDFE201D6D7F000001 /* Classes */,
				307C750510C5A3420062BCA9 /* Plugins */,
				29B97315FDCFA39411CA2CEA /* Other Sources */,
				29B97317FDCFA39411CA2CEA /* Resources */,
				29B97323FDCFA39411CA2CEA /* Frameworks */,
				19C28FACFE9D520D11CA2CBB /* Products */,
			);
			name = CustomTemplate;
			sourceTree = "<group>";
		};
		29B97315FDCFA39411CA2CEA /* Other Sources */ = {
			isa = PBXGroup;
			children = (
				32CA4F630368D1EE00C91783 /* MyApp-Prefix.pch */,
				29B97316FDCFA39411CA2CEA /* main.m */,
				ED33DF2A687741AEAF9F8254 /* Bridging-Header.h */,
			);
			name = "Other Sources";
			path = "MyApp";
			sourceTree = "<group>";
		};
		29B97317FDCFA39411CA2CEA /* Resources */ = {
			isa = PBXGroup;
			children = (
				0207DA571B56EA530066E2B4 /* Images.xcassets */,
				3047A50E1AB8057F00498E2A /* config */,
				8D1107310486CEB800E47090 /* MyApp-Info.plist */,
				6AFF5BF81D6E424B00AB3073 /* CDVLaunchScreen.storyboard */,
				D56E5E88B8DE4909A6CBCEDB /* SAMKeychain.bundle */,
			);
			name = Resources;
			path = "MyApp/Resources";
			sourceTree = "<group>";
		};
		29B97323FDCFA39411CA2CEA /* Frameworks */ = {
			isa = PBXGroup;
			children = (
				F5C4C94271D0475482C10C9D /* Security.framework */,
				204E905417264BAF98AA447B /* SystemConfiguration.framework */,
				7CA4B4E9D4014501A4CE2E4C /* WebKit.framework */,
				A40D04849B1748469EC127AA /* SafariServices.framework */,
				F009DFD5CC1A4FF6BAE01519 /* ImageIO.framework */,
				B5CD0381501C436DBD330FC1 /* CoreLocation.framework */,
				287D5FC6F61F4EF8917D680D /* AVFoundation.framework */,
			);
			name = Frameworks;
			sourceTree = "<group>";
		};
		301BF52E109A57CC0062928A /* Products */ = {
			isa = PBXGroup;
			children = (
				301BF535109A57CC0062928A /* libCordova.a */,
				907D8124214C687600058A10 /* Cordova.framework */,
			);
			name = Products;
			sourceTree = "<group>";
		};
		3047A50E1AB8057F00498E2A /* config */ = {
			isa = PBXGroup;
			children = (
				3047A50F1AB8059700498E2A /* build-debug.xcconfig */,
				3047A5101AB8059700498E2A /* build-release.xcconfig */,
				3047A5111AB8059700498E2A /* build.xcconfig */,
			);
			name = config;
			sourceTree = "<group>";
		};
		307C750510C5A3420062BCA9 /* Plugins */ = {
			isa = PBXGroup;
			children = (
				2786E6A409FD4C74A4EAB122 /* CDVFile.m */,
				6894EA5625694512A39DFC38 /* CDVLocalFilesystem.m */,
				7DC6FE0500514EA4BA847E8B /* CDVAssetLibraryFilesystem.m */,
				4D70937514BD4EF6A18A0930 /* CDVFile.h */,
				9ADBD5E1490244E8AAFF4AD7 /* CDVLocalFilesystem.h */,
				2B306AD066D14AEAB1244642 /* CDVAssetLibraryFilesystem.h */,
				EDD869E459EA45EF937365E8 /* CordovaHttpPlugin.m */,
				7711E186E53041E296525261 /* BinaryResponseSerializer.m */,
				2A5424887C924ADE9293A9FF /* TextResponseSerializer.m */,
				803BD04AA1E54836AEDD3A1C /* TextRequestSerializer.m */,
				0D73B66F557440CC9E9E4EBB /* AFHTTPSessionManager.m */,
				ECFC8866AAAD4311AB4E9EBE /* AFNetworkReachabilityManager.m */,
				6BEB5E8E0ECB4348A2FD11BD /* AFSecurityPolicy.m */,
				EF7F578A876D468589446A0F /* AFURLRequestSerialization.m */,
				40F257D4E91A48CAB4959BBE /* AFURLResponseSerialization.m */,
				DE56C08293794A43BF66D944 /* AFURLSessionManager.m */,
				8CAE079D38CA42C8B2C866C8 /* SDNetworkActivityIndicator.m */,
				D2E8A9C7CD694C41ADE3C66E /* CordovaHttpPlugin.h */,
				3AD9C9192A1C4242A2C3E32F /* BinaryResponseSerializer.h */,
				74DCBBB27ABC46F3A894C07D /* TextResponseSerializer.h */,
				85A3FF49E1CE48A886024C59 /* TextRequestSerializer.h */,
				8C7E8FAE29F445C696927F97 /* AFHTTPSessionManager.h */,
				417E7975BA50495CB2AB0A2F /* AFNetworking.h */,
				E59670692DD847CD8E3F2A70 /* AFNetworkReachabilityManager.h */,
				B619CA2B8E7B45699247447C /* AFSecurityPolicy.h */,
				A306A42FF4F049EFBFB07E3E /* AFURLRequestSerialization.h */,
				FC45A24941A24933A9A1C3E7 /* AFURLResponseSerialization.h */,
				F8F08B50695F4EDDACB06C1A /* AFURLSessionManager.h */,
				1D77B3BD62E94590B9AF446B /* SDNetworkActivityIndicator.h */,
				ACB92368F3954FBCA3C93A1C /* CDVDevice.m */,
				856705C25CC44A24B527AA83 /* CDVDevice.h */,
				5EF438EB85364C0386295082 /* CDVInAppBrowser.m */,
				12CF5981FF8A4D8DB0E2D5E9 /* CDVInAppBrowserOptions.m */,
				17ECDB44A0994D8AAFA08573 /* CDVInAppBrowserNavigationController.m */,
				493353EBEDF343588CA552FA /* CDVUIInAppBrowser.m */,
				9532DC9588054260BD1FFF04 /* CDVWKInAppBrowser.m */,
				8F3A021F210649DC845D8BEB /* CDVWKInAppBrowserUIDelegate.m */,
				71383A2DFE7D46E9B36657A3 /* CDVInAppBrowser.h */,
				E7C76C655BBD4A54960E9A3B /* CDVInAppBrowserOptions.h */,
				D4E827E5E3CF4104AE5B0189 /* CDVInAppBrowserNavigationController.h */,
				9EB4A45417574FCDBD18CF26 /* CDVUIInAppBrowser.h */,
				44DA1228267249AEAD7D1FB6 /* CDVWKInAppBrowser.h */,
				C1BB8147A9B246C880059E1A /* CDVWKInAppBrowserUIDelegate.h */,
				49716BBCEF2F4D339C66CEF0 /* CDVIonicKeyboard.m */,
				D6C874624419488CAA6C4ED1 /* CDVIonicKeyboard.h */,
				229FF081D84B4B6FA8E0AAD1 /* CDVWKWebViewEngine.m */,
				FF2BB13208AE4008A760BD51 /* CDVWKWebViewUIDelegate.m */,
				0BABA6BF34114BA1A3BF5B0F /* CDVWKProcessPoolFactory.m */,
				E79CF34756314004BE0BDED6 /* IONAssetHandler.m */,
				07F905CB17024CC1AFA1B25E /* CDVWKWebViewEngine.h */,
				44FD213FA9E049A5992F983B /* CDVWKWebViewUIDelegate.h */,
				73C843B381F045208FE75184 /* CDVWKProcessPoolFactory.h */,
				2CC57F78B3214D74AA93CF27 /* IONAssetHandler.h */,
				E7F349C33D0E4ECD9DBA1B3B /* SafariViewController.m */,
				15F3B379E3B2405FBE1A3989 /* SafariViewController.h */,
				2BF8E0CB0C0344AE9268CB1C /* SecureStorage.m */,
				0D4EEF8FF9414391BFFAB39C /* SAMKeychain.m */,
				65C7972D91994DC4AC72584C /* SAMKeychainQuery.m */,
				B56F306A7C0840828E90B23F /* SecureStorage.h */,
				BF571FEE561E4535AC184EE9 /* SAMKeychain.h */,
				7CD91AA5A3274DC9AC1696F9 /* SAMKeychainQuery.h */,
				E3D63A0F557C48228B63AC25 /* CDVSplashScreen.m */,
				0F75B77E41794941AD7D4F3D /* CDVViewController+SplashScreen.m */,
				1180B33925844CD0A6FB75AA /* CDVSplashScreen.h */,
				248AB640E8314AE0B4B06D5F /* CDVViewController+SplashScreen.h */,
				7A044AE808264BCAB5E47F32 /* CDVStatusBar.m */,
				5021E527DA224895818405C6 /* CDVStatusBar.h */,
				A99D361C45D949568B418398 /* UIImage+CropScaleOrientation.m */,
				A02DC91EAC2A4E90A61A36FE /* CDVCamera.m */,
				436B18F413DB4BF6AFBE90F5 /* CDVJpegHeaderWriter.m */,
				1BFEF7B4FA694F379DF1683F /* UIImage+CropScaleOrientation.h */,
				50876FABD1BC452F924E7F82 /* CDVCamera.h */,
				1464F4E4665A4888BF267B28 /* CDVJpegHeaderWriter.h */,
				266D3F98568B44458DC4F27E /* CDVExif.h */,
			);
			name = Plugins;
			path = "MyApp/Plugins";
			sourceTree = SOURCE_ROOT;
		};
		EB87FDF11871DA420020F90C /* Staging */ = {
			isa = PBXGroup;
			children = (
				F840E1F0165FE0F500CFE078 /* config.xml */,
				301BF56E109A69640062928A /* www */,
			);
			name = Staging;
			sourceTree = "<group>";
		};
/* End PBXGroup section */

/* Begin PBXNativeTarget section */
		1D6058900D05DD3D006BFB54 /* MyApp */ = {
			isa = PBXNativeTarget;
			buildConfigurationList = 1D6058960D05DD3E006BFB54 /* Build configuration list for PBXNativeTarget "MyApp" */;
			buildPhases = (
				304B58A110DAC018002A0835 /* Copy www directory */,
				1D60588D0D05DD3D006BFB54 /* Resources */,
				1D60588E0D05DD3D006BFB54 /* Sources */,
				1D60588F0D05DD3D006BFB54 /* Frameworks */,
			);
			buildRules = (
			);
			dependencies = (
				301BF551109A68C00062928A /* PBXTargetDependency */,
			);
			name = "MyApp";
			productName = "MyApp";
			productReference = 1D6058910D05DD3D006BFB54 /* MyApp.app */;
			productType = "com.apple.product-type.application";
		};
/* End PBXNativeTarget section */

/* Begin PBXProject section */
		29B97313FDCFA39411CA2CEA /* Project object */ = {
			isa = PBXProject;
			attributes = {
				LastUpgradeCheck = 510;
				TargetAttributes = {
					1D6058900D05DD3D006BFB54 = {
						ProvisioningStyle = Automatic;
					};
				};
			};
			buildConfigurationList = C01FCF4E08A954540054247B /* Build configuration list for PBXProject "MyApp" */;
			compatibilityVersion = "Xcode 3.2";
			developmentRegion = English;
			hasScannedForEncodings = 1;
			mainGroup = 29B97314FDCFA39411CA2CEA /* CustomTemplate */;
			projectDirPath = "";
			projectReferences = (
				{
					ProductGroup = 301BF52E109A57CC0062928A /* Products */;
					ProjectRef = 301BF52D109A57CC0062928A /* CordovaLib.xcodeproj */;
				},
			);
			projectRoot = "";
			targets = (
				1D6058900D05DD3D006BFB54 /* MyApp */,
			);
		};
/* End PBXProject section */

/* Begin PBXReferenceProxy section */
		301BF535109A57CC0062928A /* libCordova.a */ = {
			isa = PBXReferenceProxy;
			fileType = archive.ar;
			path = libCordova.a;
			remoteRef = 301BF534109A57CC0062928A /* PBXContainerItemProxy */;
			sourceTree = BUILT_PRODUCTS_DIR;
		};
		907D8124214C687600058A10 /* Cordova.framework */ = {
			isa = PBXReferenceProxy;
			fileType = wrapper.framework;
			path = Cordova.framework;
			remoteRef = 907D8123214C687600058A10 /* PBXContainerItemProxy */;
			sourceTree = BUILT_PRODUCTS_DIR;
		};
/* End PBXReferenceProxy section */

/* Begin PBXResourcesBuildPhase section */
		1D60588D0D05DD3D006BFB54 /* Resources */ = {
			isa = PBXResourcesBuildPhase;
			buildActionMask = 2147483647;
			files = (
				302D95F214D2391D003F00A1 /* MainViewController.xib in Resources */,
				0207DA581B56EA530066E2B4 /* Images.xcassets in Resources */,
				6AFF5BF91D6E424B00AB3073 /* CDVLaunchScreen.storyboard in Resources */,
				DBBA7DDEC0D143609DD995B4 /* SAMKeychain.bundle in Resources */,
			);
			runOnlyForDeploymentPostprocessing = 0;
		};
/* End PBXResourcesBuildPhase section */

/* Begin PBXShellScriptBuildPhase section */
		304B58A110DAC018002A0835 /* Copy www directory */ = {
			isa = PBXShellScriptBuildPhase;
			buildActionMask = 2147483647;
			files = (
			);
			inputPaths = (
			);
			name = "Copy www directory";
			outputPaths = (
			);
			runOnlyForDeploymentPostprocessing = 0;
			shellPath = /bin/sh;
			shellScript = "\"$SRCROOT/MyApp/Scripts/copy-www-build-step.sh\"";
			showEnvVarsInLog = 0;
		};
/* End PBXShellScriptBuildPhase section */

/* Begin PBXSourcesBuildPhase section */
		1D60588E0D05DD3D006BFB54 /* Sources */ = {
			isa = PBXSourcesBuildPhase;
			buildActionMask = 2147483647;
			files = (
				1D60589B0D05DD56006BFB54 /* main.m in Sources */,
				1D3623260D0F684500981E51 /* AppDelegate.m in Sources */,
				302D95F114D2391D003F00A1 /* MainViewController.m in Sources */,
				7D9993AF32E64844A7876388 /* CDVFile.m in Sources */,
				C2B85E5E2F4F4124A19670E5 /* CDVLocalFilesystem.m in Sources */,
				84BA4C0640CA483081A2A5A9 /* CDVAssetLibraryFilesystem.m in Sources */,
				E8D8D7C0FF404A9FA5BD9882 /* CordovaHttpPlugin.m in Sources */,
				AFF56FD27EB74BFEB0A9F283 /* BinaryResponseSerializer.m in Sources */,
				205D2FE394E64BA081FCEB58 /* TextResponseSerializer.m in Sources */,
				DAD4A191D1A646A0BCB26113 /* TextRequestSerializer.m in Sources */,
				7FC839F6F4694FA68B3D98D6 /* AFHTTPSessionManager.m in Sources */,
				5B02B2C4BC174927B132DB2C /* AFNetworkReachabilityManager.m in Sources */,
				F5B4FD417A5749B7B2ECFF70 /* AFSecurityPolicy.m in Sources */,
				42750C857A024DE78E52A0B4 /* AFURLRequestSerialization.m in Sources */,
				D7A10D8A9087473DB8162FAA /* AFURLResponseSerialization.m in Sources */,
				98FD35266DE74337A049023E /* AFURLSessionManager.m in Sources */,
				E6806E4BEE514CDB8DDE6B70 /* SDNetworkActivityIndicator.m in Sources */,
				799B1B198D394C979CDAD4FF /* CDVDevice.m in Sources */,
				8C0BDA26307741A6A427288B /* CDVInAppBrowser.m in Sources */,
				A0CB7F392FF444E89B0AFCFC /* CDVInAppBrowserOptions.m in Sources */,
				7A98445589924236B9DA8DB3 /* CDVInAppBrowserNavigationController.m in Sources */,
				CC6DD8DCDC034FE39A569B29 /* CDVUIInAppBrowser.m in Sources */,
				A9AB4B1A62E241039CA964BC /* CDVWKInAppBrowser.m in Sources */,
				5912B1108E294E7EB83AD286 /* CDVWKInAppBrowserUIDelegate.m in Sources */,
				413A3F5A530448D5A928A589 /* CDVIonicKeyboard.m in Sources */,
				3878E3D09F444EFDBB31124A /* CDVWKWebViewEngine.m in Sources */,
				81820E3602F84B4FBD172185 /* CDVWKWebViewUIDelegate.m in Sources */,
				251BCA9847B2494E9ACEB815 /* CDVWKProcessPoolFactory.m in Sources */,
				7A2EA04B6EA946F8AFCF4B1C /* IONAssetHandler.m in Sources */,
				B41213BC8096412DB93363D4 /* SafariViewController.m in Sources */,
				15AA92D38FD943D4860615F5 /* SecureStorage.m in Sources */,
				2584180CDB9342B3ABAD8EB4 /* SAMKeychain.m in Sources */,
				68D662A43DD841C1869EF6A9 /* SAMKeychainQuery.m in Sources */,
				978E46E252264962876A4818 /* CDVSplashScreen.m in Sources */,
				F4FA41173F7E4107AB97ED53 /* CDVViewController+SplashScreen.m in Sources */,
				E6142F330F3D44688C253BB2 /* CDVStatusBar.m in Sources */,
				B7FE680311844EC9B595874A /* UIImage+CropScaleOrientation.m in Sources */,
				9AB627EDDAEA442699D8EBC8 /* CDVCamera.m in Sources */,
				AC6ABDA9CD3D480D855D8221 /* CDVJpegHeaderWriter.m in Sources */,
			);
			runOnlyForDeploymentPostprocessing = 0;
		};
/* End PBXSourcesBuildPhase section */

/* Begin PBXTargetDependency section */
		301BF551109A68C00062928A /* PBXTargetDependency */ = {
			isa = PBXTargetDependency;
			name = CordovaLib;
			targetProxy = 301BF550109A68C00062928A /* PBXContainerItemProxy */;
		};
/* End PBXTargetDependency section */

/* Begin XCBuildConfiguration section */
		1D6058940D05DD3E006BFB54 /* Debug */ = {
			isa = XCBuildConfiguration;
			baseConfigurationReference = 3047A50F1AB8059700498E2A /* build-debug.xcconfig */;
			buildSettings = {
				ALWAYS_SEARCH_USER_PATHS = NO;
				ASSETCATALOG_COMPILER_APPICON_NAME = AppIcon;
				ASSETCATALOG_COMPILER_LAUNCHIMAGE_NAME = LaunchImage;
				CLANG_ENABLE_MODULES = YES;
				CLANG_ENABLE_OBJC_ARC = YES;
				COPY_PHASE_STRIP = NO;
				GCC_DYNAMIC_NO_PIC = NO;
				GCC_OPTIMIZATION_LEVEL = 0;
				GCC_PRECOMPILE_PREFIX_HEADER = YES;
				GCC_PREFIX_HEADER = "MyApp/MyApp-Prefix.pch";
				GCC_THUMB_SUPPORT = NO;
				GCC_VERSION = "";
				INFOPLIST_FILE = "MyApp/MyApp-Info.plist";
				IPHONEOS_DEPLOYMENT_TARGET = 11.0;
				LD_RUNPATH_SEARCH_PATHS = "@executable_path/Frameworks";
				PRODUCT_BUNDLE_IDENTIFIER = io.ionic.starter;
				PRODUCT_NAME = "$(TARGET_NAME)";
				TARGETED_DEVICE_FAMILY = "1,2";
			};
			name = Debug;
		};
		1D6058950D05DD3E006BFB54 /* Release */ = {
			isa = XCBuildConfiguration;
			baseConfigurationReference = 3047A5101AB8059700498E2A /* build-release.xcconfig */;
			buildSettings = {
				ALWAYS_SEARCH_USER_PATHS = NO;
				ASSETCATALOG_COMPILER_APPICON_NAME = AppIcon;
				ASSETCATALOG_COMPILER_LAUNCHIMAGE_NAME = LaunchImage;
				CLANG_ENABLE_MODULES = YES;
				CLANG_ENABLE_OBJC_ARC = YES;
				COPY_PHASE_STRIP = YES;
				GCC_PRECOMPILE_PREFIX_HEADER = YES;
				GCC_PREFIX_HEADER = "MyApp/MyApp-Prefix.pch";
				GCC_THUMB_SUPPORT = NO;
				GCC_VERSION = "";
				INFOPLIST_FILE = "MyApp/MyApp-Info.plist";
				IPHONEOS_DEPLOYMENT_TARGET = 11.0;
				LD_RUNPATH_SEARCH_PATHS = "@executable_path/Frameworks";
				PRODUCT_BUNDLE_IDENTIFIER = io.ionic.starter;
				PRODUCT_NAME = "$(TARGET_NAME)";
				TARGETED_DEVICE_FAMILY = "1,2";
			};
			name = Release;
		};
		C01FCF4F08A954540054247B /* Debug */ = {
			isa = XCBuildConfiguration;
			baseConfigurationReference = 3047A5111AB8059700498E2A /* build.xcconfig */;
			buildSettings = {
				CLANG_ENABLE_MODULES = YES;
				CLANG_ENABLE_OBJC_ARC = YES;
				CLANG_WARN_BLOCK_CAPTURE_AUTORELEASING = YES;
				CLANG_WARN_BOOL_CONVERSION = YES;
				CLANG_WARN_COMMA = YES;
				CLANG_WARN_CONSTANT_CONVERSION = YES;
				CLANG_WARN_DEPRECATED_OBJC_IMPLEMENTATIONS = YES;
				CLANG_WARN_EMPTY_BODY = YES;
				CLANG_WARN_ENUM_CONVERSION = YES;
				CLANG_WARN_INFINITE_RECURSION = YES;
				CLANG_WARN_INT_CONVERSION = YES;
				CLANG_WARN_NON_LITERAL_NULL_CONVERSION = YES;
				CLANG_WARN_OBJC_IMPLICIT_RETAIN_SELF = YES;
				CLANG_WARN_OBJC_LITERAL_CONVERSION = YES;
				CLANG_WARN_RANGE_LOOP_ANALYSIS = YES;
				CLANG_WARN_STRICT_PROTOTYPES = YES;
				CLANG_WARN_SUSPICIOUS_MOVE = YES;
				CLANG_WARN_UNREACHABLE_CODE = YES;
				CLANG_WARN__DUPLICATE_METHOD_MATCH = YES;
				ENABLE_STRICT_OBJC_MSGSEND = YES;
				ENABLE_TESTABILITY = YES;
				GCC_C_LANGUAGE_STANDARD = c99;
				GCC_NO_COMMON_BLOCKS = YES;
				GCC_THUMB_SUPPORT = NO;
				GCC_VERSION = "";
				GCC_WARN_64_TO_32_BIT_CONVERSION = YES;
				GCC_WARN_ABOUT_RETURN_TYPE = YES;
				GCC_WARN_UNDECLARED_SELECTOR = YES;
				GCC_WARN_UNINITIALIZED_AUTOS = YES;
				GCC_WARN_UNUSED_FUNCTION = YES;
				GCC_WARN_UNUSED_VARIABLE = YES;
				ONLY_ACTIVE_ARCH = YES;
				SDKROOT = iphoneos;
				SKIP_INSTALL = NO;
				PRODUCT_BUNDLE_IDENTIFIER = io.ionic.starter;
				IPHONEOS_DEPLOYMENT_TARGET = 11.0;
			};
			name = Debug;
		};
		C01FCF5008A954540054247B /* Release */ = {
			isa = XCBuildConfiguration;
			baseConfigurationReference = 3047A5111AB8059700498E2A /* build.xcconfig */;
			buildSettings = {
				CLANG_ENABLE_MODULES = YES;
				CLANG_ENABLE_OBJC_ARC = YES;
				CLANG_WARN_BLOCK_CAPTURE_AUTORELEASING = YES;
				CLANG_WARN_BOOL_CONVERSION = YES;
				CLANG_WARN_COMMA = YES;
				CLANG_WARN_CONSTANT_CONVERSION = YES;
				CLANG_WARN_DEPRECATED_OBJC_IMPLEMENTATIONS = YES;
				CLANG_WARN_EMPTY_BODY = YES;
				CLANG_WARN_ENUM_CONVERSION = YES;
				CLANG_WARN_INFINITE_RECURSION = YES;
				CLANG_WARN_INT_CONVERSION = YES;
				CLANG_WARN_NON_LITERAL_NULL_CONVERSION = YES;
				CLANG_WARN_OBJC_IMPLICIT_RETAIN_SELF = YES;
				CLANG_WARN_OBJC_LITERAL_CONVERSION = YES;
				CLANG_WARN_RANGE_LOOP_ANALYSIS = YES;
				CLANG_WARN_STRICT_PROTOTYPES = YES;
				CLANG_WARN_SUSPICIOUS_MOVE = YES;
				CLANG_WARN_UNREACHABLE_CODE = YES;
				CLANG_WARN__DUPLICATE_METHOD_MATCH = YES;
				ENABLE_STRICT_OBJC_MSGSEND = YES;
				GCC_C_LANGUAGE_STANDARD = c99;
				GCC_NO_COMMON_BLOCKS = YES;
				GCC_THUMB_SUPPORT = NO;
				GCC_VERSION = "";
				GCC_WARN_64_TO_32_BIT_CONVERSION = YES;
				GCC_WARN_ABOUT_RETURN_TYPE = YES;
				GCC_WARN_UNDECLARED_SELECTOR = YES;
				GCC_WARN_UNINITIALIZED_AUTOS = YES;
				GCC_WARN_UNUSED_FUNCTION = YES;
				GCC_WARN_UNUSED_VARIABLE = YES;
				SDKROOT = iphoneos;
				SKIP_INSTALL = NO;
				PRODUCT_BUNDLE_IDENTIFIER = io.ionic.starter;
				IPHONEOS_DEPLOYMENT_TARGET = 11.0;
			};
			name = Release;
		};
/* End XCBuildConfiguration section */

/* Begin XCConfigurationList section */
		1D6058960D05DD3E006BFB54 /* Build configuration list for PBXNativeTarget "MyApp" */ = {
			isa = XCConfigurationList;
			buildConfigurations = (
				1D6058940D05DD3E006BFB54 /* Debug */,
				1D6058950D05DD3E006BFB54 /* Release */,
			);
			defaultConfigurationIsVisible = 0;
			defaultConfigurationName = Release;
		};
		C01FCF4E08A954540054247B /* Build configuration list for PBXProject "MyApp" */ = {
			isa = XCConfigurationList;
			buildConfigurations = (
				C01FCF4F08A954540054247B /* Debug */,
				C01FCF5008A954540054247B /* Release */,
			);
			defaultConfigurationIsVisible = 0;
			defaultConfigurationName = Release;
		};
/* End XCConfigurationList section */
	};
	rootObject = 29B97313FDCFA39411CA2CEA /* Project object */;
}
